[[package]]
category = "main"
description = "A library for working with color names and color values formats defined by HTML and CSS."
name = "webcolors"
optional = false
python-versions = ">=3.5,"
version = "1.11.1"

[metadata]
content-hash = "b4faca1f3b1a91af1744f4c0aeea0f32c955f8eeed70a8c75ff101da20f37d31"
python-versions = "^3.8"

[metadata.files]
webcolors = [
    {file = "webcolors-1.11.1-py3-none-any.whl", hash = "sha256:b8cd5d865a25c51ff1218f0c90d0c0781fc64312a49b746b320cf50de1648f6e"},
    {file = "webcolors-1.11.1.tar.gz", hash = "sha256:76f360636957d1c976db7466bc71dcb713bb95ac8911944dffc55c01cb516de6"},
]
